// !$*UTF8*$!
{
	archiveVersion = 1;
	classes = {
	};
	objectVersion = 56;
	objects = {

/* Begin PBXBuildFile section */
		9E44EE5F2C78F049006DE556 /* timed_mutex.cpp in Sources */ = {isa = PBXBuildFile; fileRef = 9E44EE5D2C78F049006DE556 /* timed_mutex.cpp */; };
		9E5020212C794B290009E58E /* recursive_mutex.cpp in Sources */ = {isa = PBXBuildFile; fileRef = 9E50201F2C794B290009E58E /* recursive_mutex.cpp */; };
		9E5F69D22C780EDE009D50A1 /* main.cpp in Sources */ = {isa = PBXBuildFile; fileRef = 9E5F69D12C780EDE009D50A1 /* main.cpp */; };
		9E5F69E42C78103F009D50A1 /* calls.cpp in Sources */ = {isa = PBXBuildFile; fileRef = 9E5F69E02C78103F009D50A1 /* calls.cpp */; };
		9E5F69E52C78103F009D50A1 /* basic.cpp in Sources */ = {isa = PBXBuildFile; fileRef = 9E5F69E12C78103F009D50A1 /* basic.cpp */; };
		9E5F69E62C78103F009D50A1 /* mutex.cpp in Sources */ = {isa = PBXBuildFile; fileRef = 9E5F69E22C78103F009D50A1 /* mutex.cpp */; };
		9E5F69EC2C78C075009D50A1 /* mutex_try_lock.cpp in Sources */ = {isa = PBXBuildFile; fileRef = 9E5F69EA2C78C075009D50A1 /* mutex_try_lock.cpp */; };
		9E5F69EF2C78CA2B009D50A1 /* try_lock.cpp in Sources */ = {isa = PBXBuildFile; fileRef = 9E5F69ED2C78CA2B009D50A1 /* try_lock.cpp */; };
/* End PBXBuildFile section */

/* Begin PBXCopyFilesBuildPhase section */
		9E5F69CC2C780EDE009D50A1 /* CopyFiles */ = {
			isa = PBXCopyFilesBuildPhase;
			buildActionMask = 2147483647;
			dstPath = /usr/share/man/man1/;
			dstSubfolderSpec = 0;
			files = (
			);
			runOnlyForDeploymentPostprocessing = 1;
		};
/* End PBXCopyFilesBuildPhase section */

/* Begin PBXFileReference section */
		9E44EE5D2C78F049006DE556 /* timed_mutex.cpp */ = {isa = PBXFileReference; lastKnownFileType = sourcecode.cpp.cpp; path = timed_mutex.cpp; sourceTree = "<group>"; };
		9E44EE5E2C78F049006DE556 /* timed_mutex.hpp */ = {isa = PBXFileReference; lastKnownFileType = sourcecode.cpp.h; path = timed_mutex.hpp; sourceTree = "<group>"; };
		9E50201F2C794B290009E58E /* recursive_mutex.cpp */ = {isa = PBXFileReference; lastKnownFileType = sourcecode.cpp.cpp; path = recursive_mutex.cpp; sourceTree = "<group>"; };
		9E5020202C794B290009E58E /* recursive_mutex.hpp */ = {isa = PBXFileReference; lastKnownFileType = sourcecode.cpp.h; path = recursive_mutex.hpp; sourceTree = "<group>"; };
		9E5F69CE2C780EDE009D50A1 /* threads */ = {isa = PBXFileReference; explicitFileType = "compiled.mach-o.executable"; includeInIndex = 0; path = threads; sourceTree = BUILT_PRODUCTS_DIR; };
		9E5F69D12C780EDE009D50A1 /* main.cpp */ = {isa = PBXFileReference; lastKnownFileType = sourcecode.cpp.cpp; path = main.cpp; sourceTree = "<group>"; };
		9E5F69E02C78103F009D50A1 /* calls.cpp */ = {isa = PBXFileReference; fileEncoding = 4; lastKnownFileType = sourcecode.cpp.cpp; path = calls.cpp; sourceTree = "<group>"; };
		9E5F69E12C78103F009D50A1 /* basic.cpp */ = {isa = PBXFileReference; fileEncoding = 4; lastKnownFileType = sourcecode.cpp.cpp; path = basic.cpp; sourceTree = "<group>"; };
		9E5F69E22C78103F009D50A1 /* mutex.cpp */ = {isa = PBXFileReference; fileEncoding = 4; lastKnownFileType = sourcecode.cpp.cpp; path = mutex.cpp; sourceTree = "<group>"; };
		9E5F69E72C78105E009D50A1 /* basic.h */ = {isa = PBXFileReference; lastKnownFileType = sourcecode.c.h; path = basic.h; sourceTree = "<group>"; };
		9E5F69E82C78108C009D50A1 /* calls.h */ = {isa = PBXFileReference; lastKnownFileType = sourcecode.c.h; path = calls.h; sourceTree = "<group>"; };
		9E5F69E92C7810D8009D50A1 /* mutex.h */ = {isa = PBXFileReference; fileEncoding = 4; lastKnownFileType = sourcecode.c.h; path = mutex.h; sourceTree = "<group>"; };
		9E5F69EA2C78C075009D50A1 /* mutex_try_lock.cpp */ = {isa = PBXFileReference; lastKnownFileType = sourcecode.cpp.cpp; path = mutex_try_lock.cpp; sourceTree = "<group>"; };
		9E5F69EB2C78C075009D50A1 /* mutex_try_lock.hpp */ = {isa = PBXFileReference; lastKnownFileType = sourcecode.cpp.h; path = mutex_try_lock.hpp; sourceTree = "<group>"; };
		9E5F69ED2C78CA2B009D50A1 /* try_lock.cpp */ = {isa = PBXFileReference; lastKnownFileType = sourcecode.cpp.cpp; path = try_lock.cpp; sourceTree = "<group>"; };
		9E5F69EE2C78CA2B009D50A1 /* try_lock.hpp */ = {isa = PBXFileReference; lastKnownFileType = sourcecode.cpp.h; path = try_lock.hpp; sourceTree = "<group>"; };
/* End PBXFileReference section */

/* Begin PBXFrameworksBuildPhase section */
		9E5F69CB2C780EDE009D50A1 /* Frameworks */ = {
			isa = PBXFrameworksBuildPhase;
			buildActionMask = 2147483647;
			files = (
			);
			runOnlyForDeploymentPostprocessing = 0;
		};
/* End PBXFrameworksBuildPhase section */

/* Begin PBXGroup section */
		9E5F69C52C780EDE009D50A1 = {
			isa = PBXGroup;
			children = (
				9E5F69D02C780EDE009D50A1 /* threads */,
				9E5F69CF2C780EDE009D50A1 /* Products */,
			);
			sourceTree = "<group>";
		};
		9E5F69CF2C780EDE009D50A1 /* Products */ = {
			isa = PBXGroup;
			children = (
				9E5F69CE2C780EDE009D50A1 /* threads */,
			);
			name = Products;
			sourceTree = "<group>";
		};
		9E5F69D02C780EDE009D50A1 /* threads */ = {
			isa = PBXGroup;
			children = (
				9E5F69E12C78103F009D50A1 /* basic.cpp */,
				9E5F69E72C78105E009D50A1 /* basic.h */,
				9E5F69E02C78103F009D50A1 /* calls.cpp */,
				9E5F69E82C78108C009D50A1 /* calls.h */,
				9E5F69D12C780EDE009D50A1 /* main.cpp */,
				9E5F69E22C78103F009D50A1 /* mutex.cpp */,
				9E5F69E92C7810D8009D50A1 /* mutex.h */,
				9E5F69EA2C78C075009D50A1 /* mutex_try_lock.cpp */,
				9E5F69ED2C78CA2B009D50A1 /* try_lock.cpp */,
				9E44EE5D2C78F049006DE556 /* timed_mutex.cpp */,
				9E50201F2C794B290009E58E /* recursive_mutex.cpp */,
				9E5020202C794B290009E58E /* recursive_mutex.hpp */,
				9E44EE5E2C78F049006DE556 /* timed_mutex.hpp */,
				9E5F69EE2C78CA2B009D50A1 /* try_lock.hpp */,
				9E5F69EB2C78C075009D50A1 /* mutex_try_lock.hpp */,
			);
			path = threads;
			sourceTree = "<group>";
		};
/* End PBXGroup section */

/* Begin PBXNativeTarget section */
		9E5F69CD2C780EDE009D50A1 /* threads */ = {
			isa = PBXNativeTarget;
			buildConfigurationList = 9E5F69D52C780EDE009D50A1 /* Build configuration list for PBXNativeTarget "threads" */;
			buildPhases = (
				9E5F69CA2C780EDE009D50A1 /* Sources */,
				9E5F69CB2C780EDE009D50A1 /* Frameworks */,
				9E5F69CC2C780EDE009D50A1 /* CopyFiles */,
			);
			buildRules = (
			);
			dependencies = (
			);
			name = threads;
			productName = threads;
			productReference = 9E5F69CE2C780EDE009D50A1 /* threads */;
			productType = "com.apple.product-type.tool";
		};
/* End PBXNativeTarget section */

/* Begin PBXProject section */
		9E5F69C62C780EDE009D50A1 /* Project object */ = {
			isa = PBXProject;
			attributes = {
				BuildIndependentTargetsInParallel = 1;
				LastUpgradeCheck = 1540;
				TargetAttributes = {
					9E5F69CD2C780EDE009D50A1 = {
						CreatedOnToolsVersion = 15.4;
					};
				};
			};
			buildConfigurationList = 9E5F69C92C780EDE009D50A1 /* Build configuration list for PBXProject "threads" */;
			compatibilityVersion = "Xcode 14.0";
			developmentRegion = en;
			hasScannedForEncodings = 0;
			knownRegions = (
				en,
				Base,
			);
			mainGroup = 9E5F69C52C780EDE009D50A1;
			productRefGroup = 9E5F69CF2C780EDE009D50A1 /* Products */;
			projectDirPath = "";
			projectRoot = "";
			targets = (
				9E5F69CD2C780EDE009D50A1 /* threads */,
			);
		};
/* End PBXProject section */

/* Begin PBXSourcesBuildPhase section */
		9E5F69CA2C780EDE009D50A1 /* Sources */ = {
			isa = PBXSourcesBuildPhase;
			buildActionMask = 2147483647;
			files = (
				9E5F69EC2C78C075009D50A1 /* mutex_try_lock.cpp in Sources */,
				9E5F69E52C78103F009D50A1 /* basic.cpp in Sources */,
				9E5F69E62C78103F009D50A1 /* mutex.cpp in Sources */,
				9E5F69D22C780EDE009D50A1 /* main.cpp in Sources */,
				9E5F69EF2C78CA2B009D50A1 /* try_lock.cpp in Sources */,
				9E5F69E42C78103F009D50A1 /* calls.cpp in Sources */,
				9E5020212C794B290009E58E /* recursive_mutex.cpp in Sources */,
				9E44EE5F2C78F049006DE556 /* timed_mutex.cpp in Sources */,
			);
			runOnlyForDeploymentPostprocessing = 0;
		};
/* End PBXSourcesBuildPhase section */

/* Begin XCBuildConfiguration section */
		9E5F69D32C780EDE009D50A1 /* Debug */ = {
			isa = XCBuildConfiguration;
			buildSettings = {
				ALWAYS_SEARCH_USER_PATHS = NO;
				ASSETCATALOG_COMPILER_GENERATE_SWIFT_ASSET_SYMBOL_EXTENSIONS = YES;
				CLANG_ANALYZER_NONNULL = YES;
				CLANG_ANALYZER_NUMBER_OBJECT_CONVERSION = YES_AGGRESSIVE;
				CLANG_CXX_LANGUAGE_STANDARD = "gnu++20";
				CLANG_ENABLE_MODULES = YES;
				CLANG_ENABLE_OBJC_ARC = YES;
				CLANG_ENABLE_OBJC_WEAK = YES;
				CLANG_WARN_BLOCK_CAPTURE_AUTORELEASING = YES;
				CLANG_WARN_BOOL_CONVERSION = YES;
				CLANG_WARN_COMMA = YES;
				CLANG_WARN_CONSTANT_CONVERSION = YES;
				CLANG_WARN_DEPRECATED_OBJC_IMPLEMENTATIONS = YES;
				CLANG_WARN_DIRECT_OBJC_ISA_USAGE = YES_ERROR;
				CLANG_WARN_DOCUMENTATION_COMMENTS = YES;
				CLANG_WARN_EMPTY_BODY = YES;
				CLANG_WARN_ENUM_CONVERSION = YES;
				CLANG_WARN_INFINITE_RECURSION = YES;
				CLANG_WARN_INT_CONVERSION = YES;
				CLANG_WARN_NON_LITERAL_NULL_CONVERSION = YES;
				CLANG_WARN_OBJC_IMPLICIT_RETAIN_SELF = YES;
				CLANG_WARN_OBJC_LITERAL_CONVERSION = YES;
				CLANG_WARN_OBJC_ROOT_CLASS = YES_ERROR;
				CLANG_WARN_QUOTED_INCLUDE_IN_FRAMEWORK_HEADER = YES;
				CLANG_WARN_RANGE_LOOP_ANALYSIS = YES;
				CLANG_WARN_STRICT_PROTOTYPES = YES;
				CLANG_WARN_SUSPICIOUS_MOVE = YES;
				CLANG_WARN_UNGUARDED_AVAILABILITY = YES_AGGRESSIVE;
				CLANG_WARN_UNREACHABLE_CODE = YES;
				CLANG_WARN__DUPLICATE_METHOD_MATCH = YES;
				COPY_PHASE_STRIP = NO;
				DEBUG_INFORMATION_FORMAT = dwarf;
				ENABLE_STRICT_OBJC_MSGSEND = YES;
				ENABLE_TESTABILITY = YES;
				ENABLE_USER_SCRIPT_SANDBOXING = YES;
				GCC_C_LANGUAGE_STANDARD = gnu17;
				GCC_DYNAMIC_NO_PIC = NO;
				GCC_NO_COMMON_BLOCKS = YES;
				GCC_OPTIMIZATION_LEVEL = 0;
				GCC_PREPROCESSOR_DEFINITIONS = (
					"DEBUG=1",
					"$(inherited)",
				);
				GCC_WARN_64_TO_32_BIT_CONVERSION = YES;
				GCC_WARN_ABOUT_RETURN_TYPE = YES_ERROR;
				GCC_WARN_UNDECLARED_SELECTOR = YES;
				GCC_WARN_UNINITIALIZED_AUTOS = YES_AGGRESSIVE;
				GCC_WARN_UNUSED_FUNCTION = YES;
				GCC_WARN_UNUSED_VARIABLE = YES;
				LOCALIZATION_PREFERS_STRING_CATALOGS = YES;
				MACOSX_DEPLOYMENT_TARGET = 14.2;
				MTL_ENABLE_DEBUG_INFO = INCLUDE_SOURCE;
				MTL_FAST_MATH = YES;
				ONLY_ACTIVE_ARCH = YES;
				SDKROOT = macosx;
			};
			name = Debug;
		};
		9E5F69D42C780EDE009D50A1 /* Release */ = {
			isa = XCBuildConfiguration;
			buildSettings = {
				ALWAYS_SEARCH_USER_PATHS = NO;
				ASSETCATALOG_COMPILER_GENERATE_SWIFT_ASSET_SYMBOL_EXTENSIONS = YES;
				CLANG_ANALYZER_NONNULL = YES;
				CLANG_ANALYZER_NUMBER_OBJECT_CONVERSION = YES_AGGRESSIVE;
				CLANG_CXX_LANGUAGE_STANDARD = "gnu++20";
				CLANG_ENABLE_MODULES = YES;
				CLANG_ENABLE_OBJC_ARC = YES;
				CLANG_ENABLE_OBJC_WEAK = YES;
				CLANG_WARN_BLOCK_CAPTURE_AUTORELEASING = YES;
				CLANG_WARN_BOOL_CONVERSION = YES;
				CLANG_WARN_COMMA = YES;
				CLANG_WARN_CONSTANT_CONVERSION = YES;
				CLANG_WARN_DEPRECATED_OBJC_IMPLEMENTATIONS = YES;
				CLANG_WARN_DIRECT_OBJC_ISA_USAGE = YES_ERROR;
				CLANG_WARN_DOCUMENTATION_COMMENTS = YES;
				CLANG_WARN_EMPTY_BODY = YES;
				CLANG_WARN_ENUM_CONVERSION = YES;
				CLANG_WARN_INFINITE_RECURSION = YES;
				CLANG_WARN_INT_CONVERSION = YES;
				CLANG_WARN_NON_LITERAL_NULL_CONVERSION = YES;
				CLANG_WARN_OBJC_IMPLICIT_RETAIN_SELF = YES;
				CLANG_WARN_OBJC_LITERAL_CONVERSION = YES;
				CLANG_WARN_OBJC_ROOT_CLASS = YES_ERROR;
				CLANG_WARN_QUOTED_INCLUDE_IN_FRAMEWORK_HEADER = YES;
				CLANG_WARN_RANGE_LOOP_ANALYSIS = YES;
				CLANG_WARN_STRICT_PROTOTYPES = YES;
				CLANG_WARN_SUSPICIOUS_MOVE = YES;
				CLANG_WARN_UNGUARDED_AVAILABILITY = YES_AGGRESSIVE;
				CLANG_WARN_UNREACHABLE_CODE = YES;
				CLANG_WARN__DUPLICATE_METHOD_MATCH = YES;
				COPY_PHASE_STRIP = NO;
				DEBUG_INFORMATION_FORMAT = "dwarf-with-dsym";
				ENABLE_NS_ASSERTIONS = NO;
				ENABLE_STRICT_OBJC_MSGSEND = YES;
				ENABLE_USER_SCRIPT_SANDBOXING = YES;
				GCC_C_LANGUAGE_STANDARD = gnu17;
				GCC_NO_COMMON_BLOCKS = YES;
				GCC_WARN_64_TO_32_BIT_CONVERSION = YES;
				GCC_WARN_ABOUT_RETURN_TYPE = YES_ERROR;
				GCC_WARN_UNDECLARED_SELECTOR = YES;
				GCC_WARN_UNINITIALIZED_AUTOS = YES_AGGRESSIVE;
				GCC_WARN_UNUSED_FUNCTION = YES;
				GCC_WARN_UNUSED_VARIABLE = YES;
				LOCALIZATION_PREFERS_STRING_CATALOGS = YES;
				MACOSX_DEPLOYMENT_TARGET = 14.2;
				MTL_ENABLE_DEBUG_INFO = NO;
				MTL_FAST_MATH = YES;
				SDKROOT = macosx;
			};
			name = Release;
		};
		9E5F69D62C780EDE009D50A1 /* Debug */ = {
			isa = XCBuildConfiguration;
			buildSettings = {
				CODE_SIGN_STYLE = Automatic;
				DEVELOPMENT_TEAM = 646C695EJJ;
				ENABLE_HARDENED_RUNTIME = YES;
				PRODUCT_NAME = "$(TARGET_NAME)";
			};
			name = Debug;
		};
		9E5F69D72C780EDE009D50A1 /* Release */ = {
			isa = XCBuildConfiguration;
			buildSettings = {
				CODE_SIGN_STYLE = Automatic;
				DEVELOPMENT_TEAM = 646C695EJJ;
				ENABLE_HARDENED_RUNTIME = YES;
				PRODUCT_NAME = "$(TARGET_NAME)";
			};
			name = Release;
		};
/* End XCBuildConfiguration section */

/* Begin XCConfigurationList section */
		9E5F69C92C780EDE009D50A1 /* Build configuration list for PBXProject "threads" */ = {
			isa = XCConfigurationList;
			buildConfigurations = (
				9E5F69D32C780EDE009D50A1 /* Debug */,
				9E5F69D42C780EDE009D50A1 /* Release */,
			);
			defaultConfigurationIsVisible = 0;
			defaultConfigurationName = Release;
		};
		9E5F69D52C780EDE009D50A1 /* Build configuration list for PBXNativeTarget "threads" */ = {
			isa = XCConfigurationList;
			buildConfigurations = (
				9E5F69D62C780EDE009D50A1 /* Debug */,
				9E5F69D72C780EDE009D50A1 /* Release */,
			);
			defaultConfigurationIsVisible = 0;
			defaultConfigurationName = Release;
		};
/* End XCConfigurationList section */
	};
	rootObject = 9E5F69C62C780EDE009D50A1 /* Project object */;
}
